
Microsoft Visual Studio Solution File, Format Version 12.00
# Visual Studio Version 17
VisualStudioVersion = 17.10.35013.160
MinimumVisualStudioVersion = 10.0.40219.1
Project("{FAE04EC0-301F-11D3-BF4B-00C04F79EFBC}") = "ButikLAB2.1", "ButikLAB2.1\ButikLAB2.1.csproj", "{975DCF77-7D87-4A1E-A862-2754552B4E23}"
EndProject
Global
	GlobalSection(SolutionConfigurationPlatforms) = preSolution
		Debug|Any CPU = Debug|Any CPU
		Release|Any CPU = Release|Any CPU
	EndGlobalSection
	GlobalSection(ProjectConfigurationPlatforms) = postSolution
		{975DCF77-7D87-4A1E-A862-2754552B4E23}.Debug|Any CPU.ActiveCfg = Debug|Any CPU
		{975DCF77-7D87-4A1E-A862-2754552B4E23}.Debug|Any CPU.Build.0 = Debug|Any CPU
		{975DCF77-7D87-4A1E-A862-2754552B4E23}.Release|Any CPU.ActiveCfg = Release|Any CPU
		{975DCF77-7D87-4A1E-A862-2754552B4E23}.Release|Any CPU.Build.0 = Release|Any CPU
	EndGlobalSection
	GlobalSection(SolutionProperties) = preSolution
		HideSolutionNode = FALSE
	EndGlobalSection
	GlobalSection(ExtensibilityGlobals) = postSolution
		SolutionGuid = {0CEED5A9-CC7A-4981-8BC9-2B4DD5E2A1A8}
	EndGlobalSection
EndGlobal
